
Microsoft Visual Studio Solution File, Format Version 12.00
# Visual Studio 14
VisualStudioVersion = 14.0.25420.1
MinimumVisualStudioVersion = 10.0.40219.1
Project("{159641D6-6404-4A2A-AE62-294DE0FE8301}") = "SSIS", "SSIS\SSIS.dtproj", "{F7951A4D-3351-4940-AD61-E1F65289D47C}"
EndProject
Project("{FAE04EC0-301F-11D3-BF4B-00C04F79EFBC}") = "Examples", "Examples\Examples.csproj", "{DF6648C3-CFFF-48D4-9535-09D417303C14}"
EndProject
Project("{FAE04EC0-301F-11D3-BF4B-00C04F79EFBC}") = "Common", "..\Common\Common.csproj", "{867EC43D-1DEB-442E-85EB-0AFD4821ABB2}"
EndProject
Project("{00D1A9C2-B5F0-4AF3-8072-F6C62B433612}") = "TestDB", "TestDB\TestDB.sqlproj", "{778356E5-EC66-4D9E-8F87-F1B744B137E5}"
EndProject
Global
	GlobalSection(SolutionConfigurationPlatforms) = preSolution
		Debug|Any CPU = Debug|Any CPU
		Development|Any CPU = Development|Any CPU
		Release|Any CPU = Release|Any CPU
	EndGlobalSection
	GlobalSection(ProjectConfigurationPlatforms) = postSolution
		{F7951A4D-3351-4940-AD61-E1F65289D47C}.Debug|Any CPU.ActiveCfg = Development
		{F7951A4D-3351-4940-AD61-E1F65289D47C}.Debug|Any CPU.Build.0 = Development
		{F7951A4D-3351-4940-AD61-E1F65289D47C}.Development|Any CPU.ActiveCfg = Development
		{F7951A4D-3351-4940-AD61-E1F65289D47C}.Development|Any CPU.Build.0 = Development
		{F7951A4D-3351-4940-AD61-E1F65289D47C}.Release|Any CPU.ActiveCfg = Development
		{F7951A4D-3351-4940-AD61-E1F65289D47C}.Release|Any CPU.Build.0 = Development
		{DF6648C3-CFFF-48D4-9535-09D417303C14}.Debug|Any CPU.ActiveCfg = Debug|Any CPU
		{DF6648C3-CFFF-48D4-9535-09D417303C14}.Debug|Any CPU.Build.0 = Debug|Any CPU
		{DF6648C3-CFFF-48D4-9535-09D417303C14}.Development|Any CPU.ActiveCfg = Debug|Any CPU
		{DF6648C3-CFFF-48D4-9535-09D417303C14}.Development|Any CPU.Build.0 = Debug|Any CPU
		{DF6648C3-CFFF-48D4-9535-09D417303C14}.Release|Any CPU.ActiveCfg = Release|Any CPU
		{DF6648C3-CFFF-48D4-9535-09D417303C14}.Release|Any CPU.Build.0 = Release|Any CPU
		{867EC43D-1DEB-442E-85EB-0AFD4821ABB2}.Debug|Any CPU.ActiveCfg = Debug|Any CPU
		{867EC43D-1DEB-442E-85EB-0AFD4821ABB2}.Debug|Any CPU.Build.0 = Debug|Any CPU
		{867EC43D-1DEB-442E-85EB-0AFD4821ABB2}.Development|Any CPU.ActiveCfg = Debug|Any CPU
		{867EC43D-1DEB-442E-85EB-0AFD4821ABB2}.Development|Any CPU.Build.0 = Debug|Any CPU
		{867EC43D-1DEB-442E-85EB-0AFD4821ABB2}.Release|Any CPU.ActiveCfg = Release|Any CPU
		{867EC43D-1DEB-442E-85EB-0AFD4821ABB2}.Release|Any CPU.Build.0 = Release|Any CPU
		{778356E5-EC66-4D9E-8F87-F1B744B137E5}.Debug|Any CPU.ActiveCfg = Debug|Any CPU
		{778356E5-EC66-4D9E-8F87-F1B744B137E5}.Debug|Any CPU.Build.0 = Debug|Any CPU
		{778356E5-EC66-4D9E-8F87-F1B744B137E5}.Debug|Any CPU.Deploy.0 = Debug|Any CPU
		{778356E5-EC66-4D9E-8F87-F1B744B137E5}.Development|Any CPU.ActiveCfg = Debug|Any CPU
		{778356E5-EC66-4D9E-8F87-F1B744B137E5}.Development|Any CPU.Build.0 = Debug|Any CPU
		{778356E5-EC66-4D9E-8F87-F1B744B137E5}.Development|Any CPU.Deploy.0 = Debug|Any CPU
		{778356E5-EC66-4D9E-8F87-F1B744B137E5}.Release|Any CPU.ActiveCfg = Release|Any CPU
		{778356E5-EC66-4D9E-8F87-F1B744B137E5}.Release|Any CPU.Build.0 = Release|Any CPU
		{778356E5-EC66-4D9E-8F87-F1B744B137E5}.Release|Any CPU.Deploy.0 = Release|Any CPU
	EndGlobalSection
	GlobalSection(SolutionProperties) = preSolution
		HideSolutionNode = FALSE
	EndGlobalSection
EndGlobal
